
Microsoft Visual Studio Solution File, Format Version 12.00
# Visual Studio Version 16
VisualStudioVersion = 16.0.29009.5
MinimumVisualStudioVersion = 10.0.40219.1
Project("{FAE04EC0-301F-11D3-BF4B-00C04F79EFBC}") = "calenderapp", "calenderapp\calenderapp.csproj", "{ABE6868A-AB63-4486-88E4-54E37005C7D8}"
EndProject
Global
	GlobalSection(SolutionConfigurationPlatforms) = preSolution
		Debug|Any CPU = Debug|Any CPU
		Release|Any CPU = Release|Any CPU
	EndGlobalSection
	GlobalSection(ProjectConfigurationPlatforms) = postSolution
		{ABE6868A-AB63-4486-88E4-54E37005C7D8}.Debug|Any CPU.ActiveCfg = Debug|Any CPU
		{ABE6868A-AB63-4486-88E4-54E37005C7D8}.Debug|Any CPU.Build.0 = Debug|Any CPU
		{ABE6868A-AB63-4486-88E4-54E37005C7D8}.Release|Any CPU.ActiveCfg = Release|Any CPU
		{ABE6868A-AB63-4486-88E4-54E37005C7D8}.Release|Any CPU.Build.0 = Release|Any CPU
	EndGlobalSection
	GlobalSection(SolutionProperties) = preSolution
		HideSolutionNode = FALSE
	EndGlobalSection
	GlobalSection(ExtensibilityGlobals) = postSolution
		SolutionGuid = {28CCED46-B411-43FB-82DB-B785950D5757}
	EndGlobalSection
EndGlobal
